
Microsoft Visual Studio Solution File, Format Version 12.00
Project("{FAE04EC0-301F-11D3-BF4B-00C04F79EFBC}") = "VintedTracker", "VintedTracker.csproj", "{30C0EA54-0A82-48A1-819F-8056DEFFD492}"
EndProject
Global
	GlobalSection(SolutionConfigurationPlatforms) = preSolution
		Debug|Any CPU = Debug|Any CPU
		Release|Any CPU = Release|Any CPU
	EndGlobalSection
	GlobalSection(ProjectConfigurationPlatforms) = postSolution
		{30C0EA54-0A82-48A1-819F-8056DEFFD492}.Debug|Any CPU.ActiveCfg = Debug|Any CPU
		{30C0EA54-0A82-48A1-819F-8056DEFFD492}.Debug|Any CPU.Build.0 = Debug|Any CPU
		{30C0EA54-0A82-48A1-819F-8056DEFFD492}.Release|Any CPU.ActiveCfg = Release|Any CPU
		{30C0EA54-0A82-48A1-819F-8056DEFFD492}.Release|Any CPU.Build.0 = Release|Any CPU
	EndGlobalSection
EndGlobal
